
Microsoft Visual Studio Solution File, Format Version 9.00
# Visual Studio 2005
Project("{8BC9CEB8-8B4A-11D0-8D11-00A0C91BC942}") = "utilib", "utilib.vcproj", "{6BAC3F25-FE0C-4761-B031-32BE894FF13D}"
EndProject
Project("{8BC9CEB8-8B4A-11D0-8D11-00A0C91BC942}") = "tests", "tests.vcproj", "{C71FEA1E-5079-4F00-B2CE-0A85790E8812}"
	ProjectSection(ProjectDependencies) = postProject
		{6BAC3F25-FE0C-4761-B031-32BE894FF13D} = {6BAC3F25-FE0C-4761-B031-32BE894FF13D}
	EndProjectSection
EndProject
Global
	GlobalSection(SolutionConfigurationPlatforms) = preSolution
		Debug|Win32 = Debug|Win32
		Release|Win32 = Release|Win32
	EndGlobalSection
	GlobalSection(ProjectConfigurationPlatforms) = postSolution
		{6BAC3F25-FE0C-4761-B031-32BE894FF13D}.Debug|Win32.ActiveCfg = Debug|Win32
		{6BAC3F25-FE0C-4761-B031-32BE894FF13D}.Debug|Win32.Build.0 = Debug|Win32
		{6BAC3F25-FE0C-4761-B031-32BE894FF13D}.Release|Win32.ActiveCfg = Release|Win32
		{6BAC3F25-FE0C-4761-B031-32BE894FF13D}.Release|Win32.Build.0 = Release|Win32
		{C71FEA1E-5079-4F00-B2CE-0A85790E8812}.Debug|Win32.ActiveCfg = Debug|Win32
		{C71FEA1E-5079-4F00-B2CE-0A85790E8812}.Debug|Win32.Build.0 = Debug|Win32
		{C71FEA1E-5079-4F00-B2CE-0A85790E8812}.Release|Win32.ActiveCfg = Release|Win32
		{C71FEA1E-5079-4F00-B2CE-0A85790E8812}.Release|Win32.Build.0 = Release|Win32
	EndGlobalSection
	GlobalSection(SolutionProperties) = preSolution
		HideSolutionNode = FALSE
	EndGlobalSection
EndGlobal
