
Microsoft Visual Studio Solution File, Format Version 9.00
# Visual Studio 2005
Project("{8BC9CEB8-8B4A-11D0-8D11-00A0C91BC942}") = "utilib", "..\..\..\packages\utilib\mvs\v8\utilib.vcproj", "{6BAC3F25-FE0C-4761-B031-32BE894FF13D}"
EndProject
Project("{8BC9CEB8-8B4A-11D0-8D11-00A0C91BC942}") = "appspack", "..\..\..\packages\appspack\mvs\v8\appspack.vcproj", "{136845B1-AE21-40F1-96A2-EEB4B3CCC6C2}"
EndProject
Project("{8BC9CEB8-8B4A-11D0-8D11-00A0C91BC942}") = "ampl", "..\..\..\packages\tpl\mvs\v8\ampl\ampl.vcproj", "{72B8FC5F-15F8-4E1E-8CE3-0BE12DD5272D}"
EndProject
Project("{8BC9CEB8-8B4A-11D0-8D11-00A0C91BC942}") = "coliny-solver", "coliny-solver\coliny-solver.vcproj", "{815B732B-DB4F-4D79-A85B-2D51B3751DD3}"
	ProjectSection(ProjectDependencies) = postProject
		{5C55E7E0-C847-4529-810F-53CF45815ED8} = {5C55E7E0-C847-4529-810F-53CF45815ED8}
		{9CCC39B7-68B1-41E9-A234-5DB71F0F7C4D} = {9CCC39B7-68B1-41E9-A234-5DB71F0F7C4D}
		{136845B1-AE21-40F1-96A2-EEB4B3CCC6C2} = {136845B1-AE21-40F1-96A2-EEB4B3CCC6C2}
		{72B8FC5F-15F8-4E1E-8CE3-0BE12DD5272D} = {72B8FC5F-15F8-4E1E-8CE3-0BE12DD5272D}
		{6BAC3F25-FE0C-4761-B031-32BE894FF13D} = {6BAC3F25-FE0C-4761-B031-32BE894FF13D}
		{B9FF9017-BE93-42CA-A217-4EAEDEA6B95E} = {B9FF9017-BE93-42CA-A217-4EAEDEA6B95E}
	EndProjectSection
EndProject
Project("{8BC9CEB8-8B4A-11D0-8D11-00A0C91BC942}") = "colin", "..\..\..\packages\colin\mvs\v8\colin.vcproj", "{9CCC39B7-68B1-41E9-A234-5DB71F0F7C4D}"
	ProjectSection(ProjectDependencies) = postProject
		{6BAC3F25-FE0C-4761-B031-32BE894FF13D} = {6BAC3F25-FE0C-4761-B031-32BE894FF13D}
	EndProjectSection
EndProject
Project("{8BC9CEB8-8B4A-11D0-8D11-00A0C91BC942}") = "coliny", "..\..\..\packages\coliny\mvs\v8\coliny.vcproj", "{B9FF9017-BE93-42CA-A217-4EAEDEA6B95E}"
	ProjectSection(ProjectDependencies) = postProject
		{6BAC3F25-FE0C-4761-B031-32BE894FF13D} = {6BAC3F25-FE0C-4761-B031-32BE894FF13D}
		{72B8FC5F-15F8-4E1E-8CE3-0BE12DD5272D} = {72B8FC5F-15F8-4E1E-8CE3-0BE12DD5272D}
		{136845B1-AE21-40F1-96A2-EEB4B3CCC6C2} = {136845B1-AE21-40F1-96A2-EEB4B3CCC6C2}
		{9CCC39B7-68B1-41E9-A234-5DB71F0F7C4D} = {9CCC39B7-68B1-41E9-A234-5DB71F0F7C4D}
		{5C55E7E0-C847-4529-810F-53CF45815ED8} = {5C55E7E0-C847-4529-810F-53CF45815ED8}
	EndProjectSection
EndProject
Project("{8BC9CEB8-8B4A-11D0-8D11-00A0C91BC942}") = "pebbl", "..\..\..\packages\pebbl\mvs\v8\pebbl.vcproj", "{5C55E7E0-C847-4529-810F-53CF45815ED8}"
	ProjectSection(ProjectDependencies) = postProject
		{6BAC3F25-FE0C-4761-B031-32BE894FF13D} = {6BAC3F25-FE0C-4761-B031-32BE894FF13D}
	EndProjectSection
EndProject
Global
	GlobalSection(SolutionConfigurationPlatforms) = preSolution
		Debug|Win32 = Debug|Win32
		Release|Win32 = Release|Win32
	EndGlobalSection
	GlobalSection(ProjectConfigurationPlatforms) = postSolution
		{6BAC3F25-FE0C-4761-B031-32BE894FF13D}.Debug|Win32.ActiveCfg = Debug|Win32
		{6BAC3F25-FE0C-4761-B031-32BE894FF13D}.Debug|Win32.Build.0 = Debug|Win32
		{6BAC3F25-FE0C-4761-B031-32BE894FF13D}.Release|Win32.ActiveCfg = Release|Win32
		{6BAC3F25-FE0C-4761-B031-32BE894FF13D}.Release|Win32.Build.0 = Release|Win32
		{136845B1-AE21-40F1-96A2-EEB4B3CCC6C2}.Debug|Win32.ActiveCfg = Debug|Win32
		{136845B1-AE21-40F1-96A2-EEB4B3CCC6C2}.Debug|Win32.Build.0 = Debug|Win32
		{136845B1-AE21-40F1-96A2-EEB4B3CCC6C2}.Release|Win32.ActiveCfg = Release|Win32
		{136845B1-AE21-40F1-96A2-EEB4B3CCC6C2}.Release|Win32.Build.0 = Release|Win32
		{72B8FC5F-15F8-4E1E-8CE3-0BE12DD5272D}.Debug|Win32.ActiveCfg = Debug|Win32
		{72B8FC5F-15F8-4E1E-8CE3-0BE12DD5272D}.Debug|Win32.Build.0 = Debug|Win32
		{72B8FC5F-15F8-4E1E-8CE3-0BE12DD5272D}.Release|Win32.ActiveCfg = Release|Win32
		{72B8FC5F-15F8-4E1E-8CE3-0BE12DD5272D}.Release|Win32.Build.0 = Release|Win32
		{815B732B-DB4F-4D79-A85B-2D51B3751DD3}.Debug|Win32.ActiveCfg = Debug|Win32
		{815B732B-DB4F-4D79-A85B-2D51B3751DD3}.Debug|Win32.Build.0 = Debug|Win32
		{815B732B-DB4F-4D79-A85B-2D51B3751DD3}.Release|Win32.ActiveCfg = Release|Win32
		{815B732B-DB4F-4D79-A85B-2D51B3751DD3}.Release|Win32.Build.0 = Release|Win32
		{9CCC39B7-68B1-41E9-A234-5DB71F0F7C4D}.Debug|Win32.ActiveCfg = Debug|Win32
		{9CCC39B7-68B1-41E9-A234-5DB71F0F7C4D}.Debug|Win32.Build.0 = Debug|Win32
		{9CCC39B7-68B1-41E9-A234-5DB71F0F7C4D}.Release|Win32.ActiveCfg = Release|Win32
		{9CCC39B7-68B1-41E9-A234-5DB71F0F7C4D}.Release|Win32.Build.0 = Release|Win32
		{B9FF9017-BE93-42CA-A217-4EAEDEA6B95E}.Debug|Win32.ActiveCfg = Debug|Win32
		{B9FF9017-BE93-42CA-A217-4EAEDEA6B95E}.Debug|Win32.Build.0 = Debug|Win32
		{B9FF9017-BE93-42CA-A217-4EAEDEA6B95E}.Release|Win32.ActiveCfg = Release|Win32
		{B9FF9017-BE93-42CA-A217-4EAEDEA6B95E}.Release|Win32.Build.0 = Release|Win32
		{5C55E7E0-C847-4529-810F-53CF45815ED8}.Debug|Win32.ActiveCfg = Debug|Win32
		{5C55E7E0-C847-4529-810F-53CF45815ED8}.Debug|Win32.Build.0 = Debug|Win32
		{5C55E7E0-C847-4529-810F-53CF45815ED8}.Release|Win32.ActiveCfg = Release|Win32
		{5C55E7E0-C847-4529-810F-53CF45815ED8}.Release|Win32.Build.0 = Release|Win32
	EndGlobalSection
	GlobalSection(SolutionProperties) = preSolution
		HideSolutionNode = FALSE
	EndGlobalSection
EndGlobal
